Microsoft Visual Studio Solution File, Format Version 12.00
# Visual Studio 15
VisualStudioVersion = 15.0.26206.0
MinimumVisualStudioVersion = 10.0.40219.1
Project("{2150E333-8FDC-42A3-9474-1A3956D46DE8}") = "Solution Items", "Solution Items", "{7B149007-D7E3-49EB-AF1F-F80E29DCFF20}"
	ProjectSection(SolutionItems) = preProject
		appveyor.yml = appveyor.yml
		LICENSE = LICENSE
		README.md = README.md
		stylecop.json = stylecop.json
	EndProjectSection
EndProject
Project("{2150E333-8FDC-42A3-9474-1A3956D46DE8}") = "src", "src", "{AFC30458-CC0D-43E2-9786-DC5DC8F0729E}"
EndProject
Project("{2150E333-8FDC-42A3-9474-1A3956D46DE8}") = "DarkSkyCore", "DarkSkyCore", "{27D76E91-5205-4E5E-AA01-E5421C79FE2B}"
EndProject
Project("{FAE04EC0-301F-11D3-BF4B-00C04F79EFBC}") = "DarkSkyCore", "src\DarkSkyCore\DarkSkyCore.csproj", "{EE38F8AE-C91A-417F-9019-60C7113C02E9}"
EndProject
Project("{2150E333-8FDC-42A3-9474-1A3956D46DE8}") = "test", "test", "{95B5A292-CE18-4C9E-A2BC-A9F8BD98B0D5}"
EndProject
Project("{2150E333-8FDC-42A3-9474-1A3956D46DE8}") = "DarkSkyCore.Tests", "DarkSkyCore.Tests", "{DB19C055-E4B8-4729-AC8E-A6F2EC6ECE6C}"
EndProject
Project("{FAE04EC0-301F-11D3-BF4B-00C04F79EFBC}") = "DarkSkyCore.Tests", "test\DarkSkyCore.Tests\DarkSkyCore.Tests.csproj", "{FC309680-9B96-45EA-A6C0-92C7AB946894}"
EndProject
Global
	GlobalSection(SolutionConfigurationPlatforms) = preSolution
		Debug|Any CPU = Debug|Any CPU
		Debug|x64 = Debug|x64
		Debug|x86 = Debug|x86
		Release|Any CPU = Release|Any CPU
		Release|x64 = Release|x64
		Release|x86 = Release|x86
	EndGlobalSection
	GlobalSection(ProjectConfigurationPlatforms) = postSolution
		{EE38F8AE-C91A-417F-9019-60C7113C02E9}.Debug|Any CPU.ActiveCfg = Debug|Any CPU
		{EE38F8AE-C91A-417F-9019-60C7113C02E9}.Debug|Any CPU.Build.0 = Debug|Any CPU
		{EE38F8AE-C91A-417F-9019-60C7113C02E9}.Debug|x64.ActiveCfg = Debug|x64
		{EE38F8AE-C91A-417F-9019-60C7113C02E9}.Debug|x64.Build.0 = Debug|x64
		{EE38F8AE-C91A-417F-9019-60C7113C02E9}.Debug|x86.ActiveCfg = Debug|x86
		{EE38F8AE-C91A-417F-9019-60C7113C02E9}.Debug|x86.Build.0 = Debug|x86
		{EE38F8AE-C91A-417F-9019-60C7113C02E9}.Release|Any CPU.ActiveCfg = Release|Any CPU
		{EE38F8AE-C91A-417F-9019-60C7113C02E9}.Release|Any CPU.Build.0 = Release|Any CPU
		{EE38F8AE-C91A-417F-9019-60C7113C02E9}.Release|x64.ActiveCfg = Release|x64
		{EE38F8AE-C91A-417F-9019-60C7113C02E9}.Release|x64.Build.0 = Release|x64
		{EE38F8AE-C91A-417F-9019-60C7113C02E9}.Release|x86.ActiveCfg = Release|x86
		{EE38F8AE-C91A-417F-9019-60C7113C02E9}.Release|x86.Build.0 = Release|x86
		{FC309680-9B96-45EA-A6C0-92C7AB946894}.Debug|Any CPU.ActiveCfg = Debug|Any CPU
		{FC309680-9B96-45EA-A6C0-92C7AB946894}.Debug|Any CPU.Build.0 = Debug|Any CPU
		{FC309680-9B96-45EA-A6C0-92C7AB946894}.Debug|x64.ActiveCfg = Debug|x64
		{FC309680-9B96-45EA-A6C0-92C7AB946894}.Debug|x64.Build.0 = Debug|x64
		{FC309680-9B96-45EA-A6C0-92C7AB946894}.Debug|x86.ActiveCfg = Debug|x86
		{FC309680-9B96-45EA-A6C0-92C7AB946894}.Debug|x86.Build.0 = Debug|x86
		{FC309680-9B96-45EA-A6C0-92C7AB946894}.Release|Any CPU.ActiveCfg = Release|Any CPU
		{FC309680-9B96-45EA-A6C0-92C7AB946894}.Release|Any CPU.Build.0 = Release|Any CPU
		{FC309680-9B96-45EA-A6C0-92C7AB946894}.Release|x64.ActiveCfg = Release|x64
		{FC309680-9B96-45EA-A6C0-92C7AB946894}.Release|x64.Build.0 = Release|x64
		{FC309680-9B96-45EA-A6C0-92C7AB946894}.Release|x86.ActiveCfg = Release|x86
		{FC309680-9B96-45EA-A6C0-92C7AB946894}.Release|x86.Build.0 = Release|x86
	EndGlobalSection
	GlobalSection(SolutionProperties) = preSolution
		HideSolutionNode = FALSE
	EndGlobalSection
	GlobalSection(NestedProjects) = preSolution
		{27D76E91-5205-4E5E-AA01-E5421C79FE2B} = {AFC30458-CC0D-43E2-9786-DC5DC8F0729E}
		{EE38F8AE-C91A-417F-9019-60C7113C02E9} = {27D76E91-5205-4E5E-AA01-E5421C79FE2B}
		{DB19C055-E4B8-4729-AC8E-A6F2EC6ECE6C} = {95B5A292-CE18-4C9E-A2BC-A9F8BD98B0D5}
		{FC309680-9B96-45EA-A6C0-92C7AB946894} = {DB19C055-E4B8-4729-AC8E-A6F2EC6ECE6C}
	EndGlobalSection
EndGlobal
