Microsoft Visual Studio Solution File, Format Version 12.00
# Visual Studio Version 16
VisualStudioVersion = 16.0.29009.5
MinimumVisualStudioVersion = 15.0.26124.0
Project("{9A19103F-16F7-4668-BE54-9A1E7A4F7556}") = "DarkSkyCore.Tests", "tests\DarkSkyCore.Tests.csproj", "{76143AE1-7895-46F0-A82E-10C6561EF568}"
EndProject
Project("{9A19103F-16F7-4668-BE54-9A1E7A4F7556}") = "DarkSkyCore", "src\DarkSkyCore.csproj", "{1DF227BA-532D-4743-812C-FD5DA066F71D}"
EndProject
Project("{2150E333-8FDC-42A3-9474-1A3956D46DE8}") = "src", "src", "{165B0768-EEE2-45AF-BBD0-FE9BFB6782C7}"
EndProject
Project("{2150E333-8FDC-42A3-9474-1A3956D46DE8}") = "tests", "tests", "{09844B07-2B8F-4B34-B2BC-D893FDD4EE66}"
EndProject
Project("{2150E333-8FDC-42A3-9474-1A3956D46DE8}") = "Solution Items", "Solution Items", "{46789EA1-2430-41F8-9B3D-F77E9A9E790A}"
	ProjectSection(SolutionItems) = preProject
		.editorconfig = .editorconfig
		.gitignore = .gitignore
		azure-pipelines.yml = azure-pipelines.yml
		CHANGELOG.md = CHANGELOG.md
		CODE_OF_CONDUCT.md = CODE_OF_CONDUCT.md
		CONTRIBUTING.md = CONTRIBUTING.md
		coverletArgs.runsettings = coverletArgs.runsettings
		global.json = global.json
		LICENSE = LICENSE
		README.md = README.md
		renovate.json = renovate.json
	EndProjectSection
EndProject
Global
	GlobalSection(SolutionConfigurationPlatforms) = preSolution
		Debug|Any CPU = Debug|Any CPU
		Debug|x64 = Debug|x64
		Debug|x86 = Debug|x86
		Release|Any CPU = Release|Any CPU
		Release|x64 = Release|x64
		Release|x86 = Release|x86
	EndGlobalSection
	GlobalSection(ProjectConfigurationPlatforms) = postSolution
		{76143AE1-7895-46F0-A82E-10C6561EF568}.Debug|Any CPU.ActiveCfg = Debug|Any CPU
		{76143AE1-7895-46F0-A82E-10C6561EF568}.Debug|Any CPU.Build.0 = Debug|Any CPU
		{76143AE1-7895-46F0-A82E-10C6561EF568}.Debug|x64.ActiveCfg = Debug|Any CPU
		{76143AE1-7895-46F0-A82E-10C6561EF568}.Debug|x64.Build.0 = Debug|Any CPU
		{76143AE1-7895-46F0-A82E-10C6561EF568}.Debug|x86.ActiveCfg = Debug|Any CPU
		{76143AE1-7895-46F0-A82E-10C6561EF568}.Debug|x86.Build.0 = Debug|Any CPU
		{76143AE1-7895-46F0-A82E-10C6561EF568}.Release|Any CPU.ActiveCfg = Release|Any CPU
		{76143AE1-7895-46F0-A82E-10C6561EF568}.Release|Any CPU.Build.0 = Release|Any CPU
		{76143AE1-7895-46F0-A82E-10C6561EF568}.Release|x64.ActiveCfg = Release|Any CPU
		{76143AE1-7895-46F0-A82E-10C6561EF568}.Release|x64.Build.0 = Release|Any CPU
		{76143AE1-7895-46F0-A82E-10C6561EF568}.Release|x86.ActiveCfg = Release|Any CPU
		{76143AE1-7895-46F0-A82E-10C6561EF568}.Release|x86.Build.0 = Release|Any CPU
		{1DF227BA-532D-4743-812C-FD5DA066F71D}.Debug|Any CPU.ActiveCfg = Debug|Any CPU
		{1DF227BA-532D-4743-812C-FD5DA066F71D}.Debug|Any CPU.Build.0 = Debug|Any CPU
		{1DF227BA-532D-4743-812C-FD5DA066F71D}.Debug|x64.ActiveCfg = Debug|Any CPU
		{1DF227BA-532D-4743-812C-FD5DA066F71D}.Debug|x64.Build.0 = Debug|Any CPU
		{1DF227BA-532D-4743-812C-FD5DA066F71D}.Debug|x86.ActiveCfg = Debug|Any CPU
		{1DF227BA-532D-4743-812C-FD5DA066F71D}.Debug|x86.Build.0 = Debug|Any CPU
		{1DF227BA-532D-4743-812C-FD5DA066F71D}.Release|Any CPU.ActiveCfg = Release|Any CPU
		{1DF227BA-532D-4743-812C-FD5DA066F71D}.Release|Any CPU.Build.0 = Release|Any CPU
		{1DF227BA-532D-4743-812C-FD5DA066F71D}.Release|x64.ActiveCfg = Release|Any CPU
		{1DF227BA-532D-4743-812C-FD5DA066F71D}.Release|x64.Build.0 = Release|Any CPU
		{1DF227BA-532D-4743-812C-FD5DA066F71D}.Release|x86.ActiveCfg = Release|Any CPU
		{1DF227BA-532D-4743-812C-FD5DA066F71D}.Release|x86.Build.0 = Release|Any CPU
	EndGlobalSection
	GlobalSection(SolutionProperties) = preSolution
		HideSolutionNode = FALSE
	EndGlobalSection
	GlobalSection(NestedProjects) = preSolution
		{76143AE1-7895-46F0-A82E-10C6561EF568} = {09844B07-2B8F-4B34-B2BC-D893FDD4EE66}
		{1DF227BA-532D-4743-812C-FD5DA066F71D} = {165B0768-EEE2-45AF-BBD0-FE9BFB6782C7}
	EndGlobalSection
	GlobalSection(ExtensibilityGlobals) = postSolution
		SolutionGuid = {5AD42DB0-3603-4E86-A600-FDD51B995B65}
	EndGlobalSection
EndGlobal
